
Microsoft Visual Studio Solution File, Format Version 12.00
Project("{FAE04EC0-301F-11D3-BF4B-00C04F79EFBC}") = "ColecaoDictionary", "ColecaoDictionary\ColecaoDictionary.csproj", "{F64C65D3-BED1-4E89-93B5-396FC41AB054}"
EndProject
Global
	GlobalSection(SolutionConfigurationPlatforms) = preSolution
		Debug|Any CPU = Debug|Any CPU
		Release|Any CPU = Release|Any CPU
	EndGlobalSection
	GlobalSection(ProjectConfigurationPlatforms) = postSolution
		{F64C65D3-BED1-4E89-93B5-396FC41AB054}.Debug|Any CPU.ActiveCfg = Debug|Any CPU
		{F64C65D3-BED1-4E89-93B5-396FC41AB054}.Debug|Any CPU.Build.0 = Debug|Any CPU
		{F64C65D3-BED1-4E89-93B5-396FC41AB054}.Release|Any CPU.ActiveCfg = Release|Any CPU
		{F64C65D3-BED1-4E89-93B5-396FC41AB054}.Release|Any CPU.Build.0 = Release|Any CPU
	EndGlobalSection
EndGlobal
